{
  "name": "package.json",
  "version": "1.0.0",
  "lockfileVersion": 3,
  "requires": true,
  "packages": {
    "": {
      "name": "package.json",
      "version": "1.0.0",
      "license": "ISC",
      "dependencies": {
        "block-stream": "^0.0.9"
      }
    },
    "node_modules/block-stream": {
      "version": "0.0.9",
      "resolved": "https://registry.npmjs.org/block-stream/-/block-stream-0.0.9.tgz",
      "integrity": "sha512-OorbnJVPII4DuUKbjARAe8u8EfqOmkEEaSFIyoQ7OjTHn6kafxWl0wLgoZ2rXaYd7MyLcDaU4TmhfxtwgcccMQ==",
      "dependencies": {
        "inherits": "~2.0.0"
      },
      "engines": {
        "node": "0.4 || >=0.5.8"
      }
    },
    "node_modules/inherits": {
      "version": "2.0.4",
      "resolved": "https://registry.npmjs.org/inherits/-/inherits-2.0.4.tgz",
      "integrity": "sha512-k/vGaX4/Yla3WzyMCvTQOXYeIHvqOKtnqBduzTHpzpQZzAskKMhZ2K+EnBiSM9zGSoIFeMpXKxa4dYeZIQqewQ=="
    }
  }
}
